
Microsoft Visual Studio Solution File, Format Version 12.00
# Visual Studio Version 17
VisualStudioVersion = 17.3.32929.385
MinimumVisualStudioVersion = 10.0.40219.1
Project("{9A19103F-16F7-4668-BE54-9A1E7A4F7556}") = "EasyFortniteStats-ImageApi", "EasyFortniteStats-ImageApi.csproj", "{C1908439-D3A1-4C0E-B341-03E0B7CF6BBA}"
EndProject
Project("{2150E333-8FDC-42A3-9474-1A3956D46DE8}") = "Solution Items", "Solution Items", "{E8793930-154D-4797-BF73-0CC508C7EDE8}"
	ProjectSection(SolutionItems) = preProject
		.editorconfig = .editorconfig
	EndProjectSection
EndProject
Global
	GlobalSection(SolutionConfigurationPlatforms) = preSolution
		Debug|Any CPU = Debug|Any CPU
		Release|Any CPU = Release|Any CPU
	EndGlobalSection
	GlobalSection(ProjectConfigurationPlatforms) = postSolution
		{C1908439-D3A1-4C0E-B341-03E0B7CF6BBA}.Debug|Any CPU.ActiveCfg = Debug|Any CPU
		{C1908439-D3A1-4C0E-B341-03E0B7CF6BBA}.Debug|Any CPU.Build.0 = Debug|Any CPU
		{C1908439-D3A1-4C0E-B341-03E0B7CF6BBA}.Release|Any CPU.ActiveCfg = Release|Any CPU
		{C1908439-D3A1-4C0E-B341-03E0B7CF6BBA}.Release|Any CPU.Build.0 = Release|Any CPU
	EndGlobalSection
	GlobalSection(SolutionProperties) = preSolution
		HideSolutionNode = FALSE
	EndGlobalSection
	GlobalSection(ExtensibilityGlobals) = postSolution
		SolutionGuid = {50265B7D-D744-4804-B62C-32ACA0118902}
	EndGlobalSection
EndGlobal
